# THIS IS AN AUTOGENERATED FILE. DO NOT EDIT THIS FILE DIRECTLY.
# yarn lockfile v1


"@types/estree@0.0.39":
  version "0.0.39"
  resolved "https://registry.yarnpkg.com/@types/estree/-/estree-0.0.39.tgz#e177e699ee1b8c22d23174caaa7422644389509f"

"@types/node@*":
  version "10.1.2"
  resolved "https://registry.yarnpkg.com/@types/node/-/node-10.1.2.tgz#1b928a0baa408fc8ae3ac012cc81375addc147c6"

rollup@^0.59.2:
  version "0.59.2"
  resolved "https://registry.yarnpkg.com/rollup/-/rollup-0.59.2.tgz#37011ed83947e4e1071b66f9e7d0574b144affc9"
  dependencies:
    "@types/estree" "0.0.39"
    "@types/node" "*"
